// !$*UTF8*$!
{
	archiveVersion = 1;
	classes = {
	};
	objectVersion = 50;
	objects = {

/* Begin PBXBuildFile section */
		2FC04F5B25A15B8600F3F895 /* AppDelegate.swift in Sources */ = {isa = PBXBuildFile; fileRef = 2FC04F5A25A15B8600F3F895 /* AppDelegate.swift */; };
		2FC04F5D25A15B8600F3F895 /* SceneDelegate.swift in Sources */ = {isa = PBXBuildFile; fileRef = 2FC04F5C25A15B8600F3F895 /* SceneDelegate.swift */; };
		2FC04F5F25A15B8600F3F895 /* ViewController.swift in Sources */ = {isa = PBXBuildFile; fileRef = 2FC04F5E25A15B8600F3F895 /* ViewController.swift */; };
		2FC04F6225A15B8600F3F895 /* Main.storyboard in Resources */ = {isa = PBXBuildFile; fileRef = 2FC04F6025A15B8600F3F895 /* Main.storyboard */; };
		2FC04F6425A15B8A00F3F895 /* Assets.xcassets in Resources */ = {isa = PBXBuildFile; fileRef = 2FC04F6325A15B8A00F3F895 /* Assets.xcassets */; };
		2FC04F6725A15B8A00F3F895 /* LaunchScreen.storyboard in Resources */ = {isa = PBXBuildFile; fileRef = 2FC04F6525A15B8A00F3F895 /* LaunchScreen.storyboard */; };
		2FC04F7025A1D56000F3F895 /* CorePhoneNumbers.ruleset in Resources */ = {isa = PBXBuildFile; fileRef = 2FC04F6F25A1D56000F3F895 /* CorePhoneNumbers.ruleset */; };
		2FC04F7725A1EE8500F3F895 /* PhoneNumberFormatter.swift in Sources */ = {isa = PBXBuildFile; fileRef = 2FC04F7225A1E07400F3F895 /* PhoneNumberFormatter.swift */; };
/* End PBXBuildFile section */

/* Begin PBXFileReference section */
		2FC04F5725A15B8600F3F895 /* PhoneNumberFormatterApp.app */ = {isa = PBXFileReference; explicitFileType = wrapper.application; includeInIndex = 0; path = PhoneNumberFormatterApp.app; sourceTree = BUILT_PRODUCTS_DIR; };
		2FC04F5A25A15B8600F3F895 /* AppDelegate.swift */ = {isa = PBXFileReference; lastKnownFileType = sourcecode.swift; path = AppDelegate.swift; sourceTree = "<group>"; };
		2FC04F5C25A15B8600F3F895 /* SceneDelegate.swift */ = {isa = PBXFileReference; lastKnownFileType = sourcecode.swift; path = SceneDelegate.swift; sourceTree = "<group>"; };
		2FC04F5E25A15B8600F3F895 /* ViewController.swift */ = {isa = PBXFileReference; lastKnownFileType = sourcecode.swift; path = ViewController.swift; sourceTree = "<group>"; };
		2FC04F6125A15B8600F3F895 /* Base */ = {isa = PBXFileReference; lastKnownFileType = file.storyboard; name = Base; path = Base.lproj/Main.storyboard; sourceTree = "<group>"; };
		2FC04F6325A15B8A00F3F895 /* Assets.xcassets */ = {isa = PBXFileReference; lastKnownFileType = folder.assetcatalog; path = Assets.xcassets; sourceTree = "<group>"; };
		2FC04F6625A15B8A00F3F895 /* Base */ = {isa = PBXFileReference; lastKnownFileType = file.storyboard; name = Base; path = Base.lproj/LaunchScreen.storyboard; sourceTree = "<group>"; };
		2FC04F6825A15B8A00F3F895 /* Info.plist */ = {isa = PBXFileReference; lastKnownFileType = text.plist.xml; path = Info.plist; sourceTree = "<group>"; };
		2FC04F6F25A1D56000F3F895 /* CorePhoneNumbers.ruleset */ = {isa = PBXFileReference; lastKnownFileType = file; path = CorePhoneNumbers.ruleset; sourceTree = "<group>"; };
		2FC04F7225A1E07400F3F895 /* PhoneNumberFormatter.swift */ = {isa = PBXFileReference; lastKnownFileType = sourcecode.swift; path = PhoneNumberFormatter.swift; sourceTree = "<group>"; };
/* End PBXFileReference section */

/* Begin PBXFrameworksBuildPhase section */
		2FC04F5425A15B8600F3F895 /* Frameworks */ = {
			isa = PBXFrameworksBuildPhase;
			buildActionMask = 2147483647;
			files = (
			);
			runOnlyForDeploymentPostprocessing = 0;
		};
/* End PBXFrameworksBuildPhase section */

/* Begin PBXGroup section */
		2FC04F4E25A15B8600F3F895 = {
			isa = PBXGroup;
			children = (
				2FC04F7525A1EDD600F3F895 /* PhoneNumberFormatter */,
				2FC04F5925A15B8600F3F895 /* PhoneNumberFormatterApp */,
				2FC04F5825A15B8600F3F895 /* Products */,
			);
			sourceTree = "<group>";
		};
		2FC04F5825A15B8600F3F895 /* Products */ = {
			isa = PBXGroup;
			children = (
				2FC04F5725A15B8600F3F895 /* PhoneNumberFormatterApp.app */,
			);
			name = Products;
			sourceTree = "<group>";
		};
		2FC04F5925A15B8600F3F895 /* PhoneNumberFormatterApp */ = {
			isa = PBXGroup;
			children = (
				2FC04F5A25A15B8600F3F895 /* AppDelegate.swift */,
				2FC04F5C25A15B8600F3F895 /* SceneDelegate.swift */,
				2FC04F5E25A15B8600F3F895 /* ViewController.swift */,
				2FC04F6025A15B8600F3F895 /* Main.storyboard */,
				2FC04F6325A15B8A00F3F895 /* Assets.xcassets */,
				2FC04F6525A15B8A00F3F895 /* LaunchScreen.storyboard */,
				2FC04F6825A15B8A00F3F895 /* Info.plist */,
			);
			path = PhoneNumberFormatterApp;
			sourceTree = "<group>";
		};
		2FC04F7525A1EDD600F3F895 /* PhoneNumberFormatter */ = {
			isa = PBXGroup;
			children = (
				2FC04F7225A1E07400F3F895 /* PhoneNumberFormatter.swift */,
				2FC04F6F25A1D56000F3F895 /* CorePhoneNumbers.ruleset */,
			);
			path = PhoneNumberFormatter;
			sourceTree = "<group>";
		};
/* End PBXGroup section */

/* Begin PBXNativeTarget section */
		2FC04F5625A15B8600F3F895 /* PhoneNumberFormatterApp */ = {
			isa = PBXNativeTarget;
			buildConfigurationList = 2FC04F6B25A15B8A00F3F895 /* Build configuration list for PBXNativeTarget "PhoneNumberFormatterApp" */;
			buildPhases = (
				2FC04F5325A15B8600F3F895 /* Sources */,
				2FC04F5425A15B8600F3F895 /* Frameworks */,
				2FC04F7925A4421600F3F895 /* Copy CorePhoneNumbers.ruleset File */,
				2FC04F5525A15B8600F3F895 /* Resources */,
			);
			buildRules = (
			);
			dependencies = (
			);
			name = PhoneNumberFormatterApp;
			productName = PhoneNumberFormatterApp;
			productReference = 2FC04F5725A15B8600F3F895 /* PhoneNumberFormatterApp.app */;
			productType = "com.apple.product-type.application";
		};
/* End PBXNativeTarget section */

/* Begin PBXProject section */
		2FC04F4F25A15B8600F3F895 /* Project object */ = {
			isa = PBXProject;
			attributes = {
				LastSwiftUpdateCheck = 1230;
				LastUpgradeCheck = 1230;
				TargetAttributes = {
					2FC04F5625A15B8600F3F895 = {
						CreatedOnToolsVersion = 12.3;
					};
				};
			};
			buildConfigurationList = 2FC04F5225A15B8600F3F895 /* Build configuration list for PBXProject "PhoneNumberFormatterApp" */;
			compatibilityVersion = "Xcode 9.3";
			developmentRegion = en;
			hasScannedForEncodings = 0;
			knownRegions = (
				en,
				Base,
			);
			mainGroup = 2FC04F4E25A15B8600F3F895;
			productRefGroup = 2FC04F5825A15B8600F3F895 /* Products */;
			projectDirPath = "";
			projectRoot = "";
			targets = (
				2FC04F5625A15B8600F3F895 /* PhoneNumberFormatterApp */,
			);
		};
/* End PBXProject section */

/* Begin PBXResourcesBuildPhase section */
		2FC04F5525A15B8600F3F895 /* Resources */ = {
			isa = PBXResourcesBuildPhase;
			buildActionMask = 2147483647;
			files = (
				2FC04F6725A15B8A00F3F895 /* LaunchScreen.storyboard in Resources */,
				2FC04F7025A1D56000F3F895 /* CorePhoneNumbers.ruleset in Resources */,
				2FC04F6425A15B8A00F3F895 /* Assets.xcassets in Resources */,
				2FC04F6225A15B8600F3F895 /* Main.storyboard in Resources */,
			);
			runOnlyForDeploymentPostprocessing = 0;
		};
/* End PBXResourcesBuildPhase section */

/* Begin PBXShellScriptBuildPhase section */
		2FC04F7925A4421600F3F895 /* Copy CorePhoneNumbers.ruleset File */ = {
			isa = PBXShellScriptBuildPhase;
			buildActionMask = 2147483647;
			files = (
			);
			inputFileListPaths = (
			);
			inputPaths = (
			);
			name = "Copy CorePhoneNumbers.ruleset File";
			outputFileListPaths = (
			);
			outputPaths = (
			);
			runOnlyForDeploymentPostprocessing = 0;
			shellPath = /bin/sh;
			shellScript = "cp \"/System/Library/PrivateFrameworks/CorePhoneNumbers.framework/Versions/A/Resources/CorePhoneNumbers.ruleset\" \"./PhoneNumberFormatter/CorePhoneNumbers.ruleset\"\n";
		};
/* End PBXShellScriptBuildPhase section */

/* Begin PBXSourcesBuildPhase section */
		2FC04F5325A15B8600F3F895 /* Sources */ = {
			isa = PBXSourcesBuildPhase;
			buildActionMask = 2147483647;
			files = (
				2FC04F7725A1EE8500F3F895 /* PhoneNumberFormatter.swift in Sources */,
				2FC04F5F25A15B8600F3F895 /* ViewController.swift in Sources */,
				2FC04F5B25A15B8600F3F895 /* AppDelegate.swift in Sources */,
				2FC04F5D25A15B8600F3F895 /* SceneDelegate.swift in Sources */,
			);
			runOnlyForDeploymentPostprocessing = 0;
		};
/* End PBXSourcesBuildPhase section */

/* Begin PBXVariantGroup section */
		2FC04F6025A15B8600F3F895 /* Main.storyboard */ = {
			isa = PBXVariantGroup;
			children = (
				2FC04F6125A15B8600F3F895 /* Base */,
			);
			name = Main.storyboard;
			sourceTree = "<group>";
		};
		2FC04F6525A15B8A00F3F895 /* LaunchScreen.storyboard */ = {
			isa = PBXVariantGroup;
			children = (
				2FC04F6625A15B8A00F3F895 /* Base */,
			);
			name = LaunchScreen.storyboard;
			sourceTree = "<group>";
		};
/* End PBXVariantGroup section */

/* Begin XCBuildConfiguration section */
		2FC04F6925A15B8A00F3F895 /* Debug */ = {
			isa = XCBuildConfiguration;
			buildSettings = {
				ALWAYS_SEARCH_USER_PATHS = NO;
				CLANG_ANALYZER_NONNULL = YES;
				CLANG_ANALYZER_NUMBER_OBJECT_CONVERSION = YES_AGGRESSIVE;
				CLANG_CXX_LANGUAGE_STANDARD = "gnu++14";
				CLANG_CXX_LIBRARY = "libc++";
				CLANG_ENABLE_MODULES = YES;
				CLANG_ENABLE_OBJC_ARC = YES;
				CLANG_ENABLE_OBJC_WEAK = YES;
				CLANG_WARN_BLOCK_CAPTURE_AUTORELEASING = YES;
				CLANG_WARN_BOOL_CONVERSION = YES;
				CLANG_WARN_COMMA = YES;
				CLANG_WARN_CONSTANT_CONVERSION = YES;
				CLANG_WARN_DEPRECATED_OBJC_IMPLEMENTATIONS = YES;
				CLANG_WARN_DIRECT_OBJC_ISA_USAGE = YES_ERROR;
				CLANG_WARN_DOCUMENTATION_COMMENTS = YES;
				CLANG_WARN_EMPTY_BODY = YES;
				CLANG_WARN_ENUM_CONVERSION = YES;
				CLANG_WARN_INFINITE_RECURSION = YES;
				CLANG_WARN_INT_CONVERSION = YES;
				CLANG_WARN_NON_LITERAL_NULL_CONVERSION = YES;
				CLANG_WARN_OBJC_IMPLICIT_RETAIN_SELF = YES;
				CLANG_WARN_OBJC_LITERAL_CONVERSION = YES;
				CLANG_WARN_OBJC_ROOT_CLASS = YES_ERROR;
				CLANG_WARN_QUOTED_INCLUDE_IN_FRAMEWORK_HEADER = YES;
				CLANG_WARN_RANGE_LOOP_ANALYSIS = YES;
				CLANG_WARN_STRICT_PROTOTYPES = YES;
				CLANG_WARN_SUSPICIOUS_MOVE = YES;
				CLANG_WARN_UNGUARDED_AVAILABILITY = YES_AGGRESSIVE;
				CLANG_WARN_UNREACHABLE_CODE = YES;
				CLANG_WARN__DUPLICATE_METHOD_MATCH = YES;
				COPY_PHASE_STRIP = NO;
				DEBUG_INFORMATION_FORMAT = dwarf;
				ENABLE_STRICT_OBJC_MSGSEND = YES;
				ENABLE_TESTABILITY = YES;
				GCC_C_LANGUAGE_STANDARD = gnu11;
				GCC_DYNAMIC_NO_PIC = NO;
				GCC_NO_COMMON_BLOCKS = YES;
				GCC_OPTIMIZATION_LEVEL = 0;
				GCC_PREPROCESSOR_DEFINITIONS = (
					"DEBUG=1",
					"$(inherited)",
				);
				GCC_WARN_64_TO_32_BIT_CONVERSION = YES;
				GCC_WARN_ABOUT_RETURN_TYPE = YES_ERROR;
				GCC_WARN_UNDECLARED_SELECTOR = YES;
				GCC_WARN_UNINITIALIZED_AUTOS = YES_AGGRESSIVE;
				GCC_WARN_UNUSED_FUNCTION = YES;
				GCC_WARN_UNUSED_VARIABLE = YES;
				IPHONEOS_DEPLOYMENT_TARGET = 14.3;
				MTL_ENABLE_DEBUG_INFO = INCLUDE_SOURCE;
				MTL_FAST_MATH = YES;
				ONLY_ACTIVE_ARCH = YES;
				SDKROOT = iphoneos;
				SWIFT_ACTIVE_COMPILATION_CONDITIONS = DEBUG;
				SWIFT_OPTIMIZATION_LEVEL = "-Onone";
			};
			name = Debug;
		};
		2FC04F6A25A15B8A00F3F895 /* Release */ = {
			isa = XCBuildConfiguration;
			buildSettings = {
				ALWAYS_SEARCH_USER_PATHS = NO;
				CLANG_ANALYZER_NONNULL = YES;
				CLANG_ANALYZER_NUMBER_OBJECT_CONVERSION = YES_AGGRESSIVE;
				CLANG_CXX_LANGUAGE_STANDARD = "gnu++14";
				CLANG_CXX_LIBRARY = "libc++";
				CLANG_ENABLE_MODULES = YES;
				CLANG_ENABLE_OBJC_ARC = YES;
				CLANG_ENABLE_OBJC_WEAK = YES;
				CLANG_WARN_BLOCK_CAPTURE_AUTORELEASING = YES;
				CLANG_WARN_BOOL_CONVERSION = YES;
				CLANG_WARN_COMMA = YES;
				CLANG_WARN_CONSTANT_CONVERSION = YES;
				CLANG_WARN_DEPRECATED_OBJC_IMPLEMENTATIONS = YES;
				CLANG_WARN_DIRECT_OBJC_ISA_USAGE = YES_ERROR;
				CLANG_WARN_DOCUMENTATION_COMMENTS = YES;
				CLANG_WARN_EMPTY_BODY = YES;
				CLANG_WARN_ENUM_CONVERSION = YES;
				CLANG_WARN_INFINITE_RECURSION = YES;
				CLANG_WARN_INT_CONVERSION = YES;
				CLANG_WARN_NON_LITERAL_NULL_CONVERSION = YES;
				CLANG_WARN_OBJC_IMPLICIT_RETAIN_SELF = YES;
				CLANG_WARN_OBJC_LITERAL_CONVERSION = YES;
				CLANG_WARN_OBJC_ROOT_CLASS = YES_ERROR;
				CLANG_WARN_QUOTED_INCLUDE_IN_FRAMEWORK_HEADER = YES;
				CLANG_WARN_RANGE_LOOP_ANALYSIS = YES;
				CLANG_WARN_STRICT_PROTOTYPES = YES;
				CLANG_WARN_SUSPICIOUS_MOVE = YES;
				CLANG_WARN_UNGUARDED_AVAILABILITY = YES_AGGRESSIVE;
				CLANG_WARN_UNREACHABLE_CODE = YES;
				CLANG_WARN__DUPLICATE_METHOD_MATCH = YES;
				COPY_PHASE_STRIP = NO;
				DEBUG_INFORMATION_FORMAT = "dwarf-with-dsym";
				ENABLE_NS_ASSERTIONS = NO;
				ENABLE_STRICT_OBJC_MSGSEND = YES;
				GCC_C_LANGUAGE_STANDARD = gnu11;
				GCC_NO_COMMON_BLOCKS = YES;
				GCC_WARN_64_TO_32_BIT_CONVERSION = YES;
				GCC_WARN_ABOUT_RETURN_TYPE = YES_ERROR;
				GCC_WARN_UNDECLARED_SELECTOR = YES;
				GCC_WARN_UNINITIALIZED_AUTOS = YES_AGGRESSIVE;
				GCC_WARN_UNUSED_FUNCTION = YES;
				GCC_WARN_UNUSED_VARIABLE = YES;
				IPHONEOS_DEPLOYMENT_TARGET = 14.3;
				MTL_ENABLE_DEBUG_INFO = NO;
				MTL_FAST_MATH = YES;
				SDKROOT = iphoneos;
				SWIFT_COMPILATION_MODE = wholemodule;
				SWIFT_OPTIMIZATION_LEVEL = "-O";
				VALIDATE_PRODUCT = YES;
			};
			name = Release;
		};
		2FC04F6C25A15B8A00F3F895 /* Debug */ = {
			isa = XCBuildConfiguration;
			buildSettings = {
				ASSETCATALOG_COMPILER_APPICON_NAME = AppIcon;
				ASSETCATALOG_COMPILER_GLOBAL_ACCENT_COLOR_NAME = AccentColor;
				CODE_SIGN_STYLE = Automatic;
				DEVELOPMENT_TEAM = PSPJVE783R;
				INFOPLIST_FILE = PhoneNumberFormatterApp/Info.plist;
				LD_RUNPATH_SEARCH_PATHS = (
					"$(inherited)",
					"@executable_path/Frameworks",
				);
				PRODUCT_BUNDLE_IDENTIFIER = com.tylerprevost.PhoneNumberFormatterApp;
				PRODUCT_NAME = "$(TARGET_NAME)";
				SWIFT_VERSION = 5.0;
				TARGETED_DEVICE_FAMILY = "1,2";
			};
			name = Debug;
		};
		2FC04F6D25A15B8A00F3F895 /* Release */ = {
			isa = XCBuildConfiguration;
			buildSettings = {
				ASSETCATALOG_COMPILER_APPICON_NAME = AppIcon;
				ASSETCATALOG_COMPILER_GLOBAL_ACCENT_COLOR_NAME = AccentColor;
				CODE_SIGN_STYLE = Automatic;
				DEVELOPMENT_TEAM = PSPJVE783R;
				INFOPLIST_FILE = PhoneNumberFormatterApp/Info.plist;
				LD_RUNPATH_SEARCH_PATHS = (
					"$(inherited)",
					"@executable_path/Frameworks",
				);
				PRODUCT_BUNDLE_IDENTIFIER = com.tylerprevost.PhoneNumberFormatterApp;
				PRODUCT_NAME = "$(TARGET_NAME)";
				SWIFT_VERSION = 5.0;
				TARGETED_DEVICE_FAMILY = "1,2";
			};
			name = Release;
		};
/* End XCBuildConfiguration section */

/* Begin XCConfigurationList section */
		2FC04F5225A15B8600F3F895 /* Build configuration list for PBXProject "PhoneNumberFormatterApp" */ = {
			isa = XCConfigurationList;
			buildConfigurations = (
				2FC04F6925A15B8A00F3F895 /* Debug */,
				2FC04F6A25A15B8A00F3F895 /* Release */,
			);
			defaultConfigurationIsVisible = 0;
			defaultConfigurationName = Release;
		};
		2FC04F6B25A15B8A00F3F895 /* Build configuration list for PBXNativeTarget "PhoneNumberFormatterApp" */ = {
			isa = XCConfigurationList;
			buildConfigurations = (
				2FC04F6C25A15B8A00F3F895 /* Debug */,
				2FC04F6D25A15B8A00F3F895 /* Release */,
			);
			defaultConfigurationIsVisible = 0;
			defaultConfigurationName = Release;
		};
/* End XCConfigurationList section */
	};
	rootObject = 2FC04F4F25A15B8600F3F895 /* Project object */;
}
